// !$*UTF8*$!
{
	archiveVersion = 1;
	classes = {
	};
	objectVersion = 48;
	objects = {

/* Begin PBXBuildFile section */
		4927282D20C88D0B0042270F /* AppDelegate.swift in Sources */ = {isa = PBXBuildFile; fileRef = 4927282C20C88D0B0042270F /* AppDelegate.swift */; };
		4927283220C88D0B0042270F /* Main.storyboard in Resources */ = {isa = PBXBuildFile; fileRef = 4927283020C88D0B0042270F /* Main.storyboard */; };
		4927283520C88D0B0042270F /* MarvelHeroes.xcdatamodeld in Sources */ = {isa = PBXBuildFile; fileRef = 4927283320C88D0B0042270F /* MarvelHeroes.xcdatamodeld */; };
		4927283720C88D0B0042270F /* Assets.xcassets in Resources */ = {isa = PBXBuildFile; fileRef = 4927283620C88D0B0042270F /* Assets.xcassets */; };
		4927283A20C88D0B0042270F /* LaunchScreen.storyboard in Resources */ = {isa = PBXBuildFile; fileRef = 4927283820C88D0B0042270F /* LaunchScreen.storyboard */; };
		4927284520C88D0C0042270F /* MarvelHeroesTests.swift in Sources */ = {isa = PBXBuildFile; fileRef = 4927284420C88D0C0042270F /* MarvelHeroesTests.swift */; };
		4927285020C88D0C0042270F /* MarvelHeroesUITests.swift in Sources */ = {isa = PBXBuildFile; fileRef = 4927284F20C88D0C0042270F /* MarvelHeroesUITests.swift */; };
		496965CA20C9ECA300CE70E6 /* HeroesViewController.swift in Sources */ = {isa = PBXBuildFile; fileRef = 496965C920C9ECA300CE70E6 /* HeroesViewController.swift */; };
		496965D220C9F37F00CE70E6 /* HeroCollectionViewCell.swift in Sources */ = {isa = PBXBuildFile; fileRef = 496965D020C9F37F00CE70E6 /* HeroCollectionViewCell.swift */; };
		496965D320C9F37F00CE70E6 /* HeroCollectionViewCell.xib in Resources */ = {isa = PBXBuildFile; fileRef = 496965D120C9F37F00CE70E6 /* HeroCollectionViewCell.xib */; };
		496965D520CF45F500CE70E6 /* Search.storyboard in Resources */ = {isa = PBXBuildFile; fileRef = 496965D420CF45F500CE70E6 /* Search.storyboard */; };
		496965DA20D1C0DC00CE70E6 /* HeroDetail.storyboard in Resources */ = {isa = PBXBuildFile; fileRef = 496965D920D1C0DC00CE70E6 /* HeroDetail.storyboard */; };
		496965DC20D1CD6400CE70E6 /* HeroDetailsViewController.swift in Sources */ = {isa = PBXBuildFile; fileRef = 496965DB20D1CD6400CE70E6 /* HeroDetailsViewController.swift */; };
		496965DE20D1D1C800CE70E6 /* HeroDetailTableViewCell.swift in Sources */ = {isa = PBXBuildFile; fileRef = 496965DD20D1D1C800CE70E6 /* HeroDetailTableViewCell.swift */; };
		496965E020D1D29D00CE70E6 /* HeroDetailCollectionViewCell.swift in Sources */ = {isa = PBXBuildFile; fileRef = 496965DF20D1D29D00CE70E6 /* HeroDetailCollectionViewCell.swift */; };
		49E5F65420C9DEF100FAC9D9 /* apiKeys.plist in Resources */ = {isa = PBXBuildFile; fileRef = 49E5F65320C9DEF100FAC9D9 /* apiKeys.plist */; };
		49E5F65720C9E1A500FAC9D9 /* AppConfig.swift in Sources */ = {isa = PBXBuildFile; fileRef = 49E5F65620C9E1A500FAC9D9 /* AppConfig.swift */; };
		49E5F65920C9E24800FAC9D9 /* APIKeys.swift in Sources */ = {isa = PBXBuildFile; fileRef = 49E5F65820C9E24800FAC9D9 /* APIKeys.swift */; };
/* End PBXBuildFile section */

/* Begin PBXContainerItemProxy section */
		4927284120C88D0C0042270F /* PBXContainerItemProxy */ = {
			isa = PBXContainerItemProxy;
			containerPortal = 4927282120C88D0B0042270F /* Project object */;
			proxyType = 1;
			remoteGlobalIDString = 4927282820C88D0B0042270F;
			remoteInfo = MarvelHeroes;
		};
		4927284C20C88D0C0042270F /* PBXContainerItemProxy */ = {
			isa = PBXContainerItemProxy;
			containerPortal = 4927282120C88D0B0042270F /* Project object */;
			proxyType = 1;
			remoteGlobalIDString = 4927282820C88D0B0042270F;
			remoteInfo = MarvelHeroes;
		};
/* End PBXContainerItemProxy section */

/* Begin PBXFileReference section */
		4927282920C88D0B0042270F /* MarvelHeroes.app */ = {isa = PBXFileReference; explicitFileType = wrapper.application; includeInIndex = 0; path = MarvelHeroes.app; sourceTree = BUILT_PRODUCTS_DIR; };
		4927282C20C88D0B0042270F /* AppDelegate.swift */ = {isa = PBXFileReference; lastKnownFileType = sourcecode.swift; path = AppDelegate.swift; sourceTree = "<group>"; };
		4927283120C88D0B0042270F /* Base */ = {isa = PBXFileReference; lastKnownFileType = file.storyboard; name = Base; path = Base.lproj/Main.storyboard; sourceTree = "<group>"; };
		4927283420C88D0B0042270F /* MarvelHeroes.xcdatamodel */ = {isa = PBXFileReference; lastKnownFileType = wrapper.xcdatamodel; path = MarvelHeroes.xcdatamodel; sourceTree = "<group>"; };
		4927283620C88D0B0042270F /* Assets.xcassets */ = {isa = PBXFileReference; lastKnownFileType = folder.assetcatalog; path = Assets.xcassets; sourceTree = "<group>"; };
		4927283920C88D0B0042270F /* Base */ = {isa = PBXFileReference; lastKnownFileType = file.storyboard; name = Base; path = Base.lproj/LaunchScreen.storyboard; sourceTree = "<group>"; };
		4927283B20C88D0B0042270F /* Info.plist */ = {isa = PBXFileReference; lastKnownFileType = text.plist.xml; path = Info.plist; sourceTree = "<group>"; };
		4927284020C88D0C0042270F /* MarvelHeroesTests.xctest */ = {isa = PBXFileReference; explicitFileType = wrapper.cfbundle; includeInIndex = 0; path = MarvelHeroesTests.xctest; sourceTree = BUILT_PRODUCTS_DIR; };
		4927284420C88D0C0042270F /* MarvelHeroesTests.swift */ = {isa = PBXFileReference; lastKnownFileType = sourcecode.swift; path = MarvelHeroesTests.swift; sourceTree = "<group>"; };
		4927284620C88D0C0042270F /* Info.plist */ = {isa = PBXFileReference; lastKnownFileType = text.plist.xml; path = Info.plist; sourceTree = "<group>"; };
		4927284B20C88D0C0042270F /* MarvelHeroesUITests.xctest */ = {isa = PBXFileReference; explicitFileType = wrapper.cfbundle; includeInIndex = 0; path = MarvelHeroesUITests.xctest; sourceTree = BUILT_PRODUCTS_DIR; };
		4927284F20C88D0C0042270F /* MarvelHeroesUITests.swift */ = {isa = PBXFileReference; lastKnownFileType = sourcecode.swift; path = MarvelHeroesUITests.swift; sourceTree = "<group>"; };
		4927285120C88D0C0042270F /* Info.plist */ = {isa = PBXFileReference; lastKnownFileType = text.plist.xml; path = Info.plist; sourceTree = "<group>"; };
		496965C920C9ECA300CE70E6 /* HeroesViewController.swift */ = {isa = PBXFileReference; lastKnownFileType = sourcecode.swift; path = HeroesViewController.swift; sourceTree = "<group>"; };
		496965D020C9F37F00CE70E6 /* HeroCollectionViewCell.swift */ = {isa = PBXFileReference; lastKnownFileType = sourcecode.swift; path = HeroCollectionViewCell.swift; sourceTree = "<group>"; };
		496965D120C9F37F00CE70E6 /* HeroCollectionViewCell.xib */ = {isa = PBXFileReference; lastKnownFileType = file.xib; path = HeroCollectionViewCell.xib; sourceTree = "<group>"; };
		496965D420CF45F500CE70E6 /* Search.storyboard */ = {isa = PBXFileReference; lastKnownFileType = file.storyboard; path = Search.storyboard; sourceTree = "<group>"; };
		496965D920D1C0DC00CE70E6 /* HeroDetail.storyboard */ = {isa = PBXFileReference; lastKnownFileType = file.storyboard; path = HeroDetail.storyboard; sourceTree = "<group>"; };
		496965DB20D1CD6400CE70E6 /* HeroDetailsViewController.swift */ = {isa = PBXFileReference; lastKnownFileType = sourcecode.swift; path = HeroDetailsViewController.swift; sourceTree = "<group>"; };
		496965DD20D1D1C800CE70E6 /* HeroDetailTableViewCell.swift */ = {isa = PBXFileReference; lastKnownFileType = sourcecode.swift; path = HeroDetailTableViewCell.swift; sourceTree = "<group>"; };
		496965DF20D1D29D00CE70E6 /* HeroDetailCollectionViewCell.swift */ = {isa = PBXFileReference; lastKnownFileType = sourcecode.swift; path = HeroDetailCollectionViewCell.swift; sourceTree = "<group>"; };
		49E5F65320C9DEF100FAC9D9 /* apiKeys.plist */ = {isa = PBXFileReference; lastKnownFileType = text.plist.xml; path = apiKeys.plist; sourceTree = "<group>"; };
		49E5F65620C9E1A500FAC9D9 /* AppConfig.swift */ = {isa = PBXFileReference; lastKnownFileType = sourcecode.swift; path = AppConfig.swift; sourceTree = "<group>"; };
		49E5F65820C9E24800FAC9D9 /* APIKeys.swift */ = {isa = PBXFileReference; lastKnownFileType = sourcecode.swift; path = APIKeys.swift; sourceTree = "<group>"; };
/* End PBXFileReference section */

/* Begin PBXFrameworksBuildPhase section */
		4927282620C88D0B0042270F /* Frameworks */ = {
			isa = PBXFrameworksBuildPhase;
			buildActionMask = 2147483647;
			files = (
			);
			runOnlyForDeploymentPostprocessing = 0;
		};
		4927283D20C88D0C0042270F /* Frameworks */ = {
			isa = PBXFrameworksBuildPhase;
			buildActionMask = 2147483647;
			files = (
			);
			runOnlyForDeploymentPostprocessing = 0;
		};
		4927284820C88D0C0042270F /* Frameworks */ = {
			isa = PBXFrameworksBuildPhase;
			buildActionMask = 2147483647;
			files = (
			);
			runOnlyForDeploymentPostprocessing = 0;
		};
/* End PBXFrameworksBuildPhase section */

/* Begin PBXGroup section */
		4927282020C88D0B0042270F = {
			isa = PBXGroup;
			children = (
				4927282B20C88D0B0042270F /* MarvelHeroes */,
				4927284320C88D0C0042270F /* MarvelHeroesTests */,
				4927284E20C88D0C0042270F /* MarvelHeroesUITests */,
				4927282A20C88D0B0042270F /* Products */,
			);
			sourceTree = "<group>";
		};
		4927282A20C88D0B0042270F /* Products */ = {
			isa = PBXGroup;
			children = (
				4927282920C88D0B0042270F /* MarvelHeroes.app */,
				4927284020C88D0C0042270F /* MarvelHeroesTests.xctest */,
				4927284B20C88D0C0042270F /* MarvelHeroesUITests.xctest */,
			);
			name = Products;
			sourceTree = "<group>";
		};
		4927282B20C88D0B0042270F /* MarvelHeroes */ = {
			isa = PBXGroup;
			children = (
				49E5F65520C9E16300FAC9D9 /* Utils */,
				49E5F65220C9DE8100FAC9D9 /* Views */,
				49E5F65120C9DE7400FAC9D9 /* Controllers */,
				49E5F65020C9DA8700FAC9D9 /* Networking */,
				49E5F64F20C9DA7600FAC9D9 /* Models */,
				4927282C20C88D0B0042270F /* AppDelegate.swift */,
				4927283620C88D0B0042270F /* Assets.xcassets */,
				4927283820C88D0B0042270F /* LaunchScreen.storyboard */,
				4927283B20C88D0B0042270F /* Info.plist */,
				4927283320C88D0B0042270F /* MarvelHeroes.xcdatamodeld */,
				49E5F65320C9DEF100FAC9D9 /* apiKeys.plist */,
			);
			path = MarvelHeroes;
			sourceTree = "<group>";
		};
		4927284320C88D0C0042270F /* MarvelHeroesTests */ = {
			isa = PBXGroup;
			children = (
				4927284420C88D0C0042270F /* MarvelHeroesTests.swift */,
				4927284620C88D0C0042270F /* Info.plist */,
			);
			path = MarvelHeroesTests;
			sourceTree = "<group>";
		};
		4927284E20C88D0C0042270F /* MarvelHeroesUITests */ = {
			isa = PBXGroup;
			children = (
				4927284F20C88D0C0042270F /* MarvelHeroesUITests.swift */,
				4927285120C88D0C0042270F /* Info.plist */,
			);
			path = MarvelHeroesUITests;
			sourceTree = "<group>";
		};
		496965CB20C9ED9700CE70E6 /* Cells */ = {
			isa = PBXGroup;
			children = (
				496965D020C9F37F00CE70E6 /* HeroCollectionViewCell.swift */,
				496965D120C9F37F00CE70E6 /* HeroCollectionViewCell.xib */,
				496965DD20D1D1C800CE70E6 /* HeroDetailTableViewCell.swift */,
				496965DF20D1D29D00CE70E6 /* HeroDetailCollectionViewCell.swift */,
			);
			path = Cells;
			sourceTree = "<group>";
		};
		496965D620D1C09D00CE70E6 /* Home */ = {
			isa = PBXGroup;
			children = (
				4927283020C88D0B0042270F /* Main.storyboard */,
			);
			path = Home;
			sourceTree = "<group>";
		};
		496965D720D1C0AA00CE70E6 /* Detail */ = {
			isa = PBXGroup;
			children = (
				496965D920D1C0DC00CE70E6 /* HeroDetail.storyboard */,
			);
			path = Detail;
			sourceTree = "<group>";
		};
		496965D820D1C0B100CE70E6 /* Search */ = {
			isa = PBXGroup;
			children = (
				496965D420CF45F500CE70E6 /* Search.storyboard */,
			);
			path = Search;
			sourceTree = "<group>";
		};
		49E5F64F20C9DA7600FAC9D9 /* Models */ = {
			isa = PBXGroup;
			children = (
			);
			path = Models;
			sourceTree = "<group>";
		};
		49E5F65020C9DA8700FAC9D9 /* Networking */ = {
			isa = PBXGroup;
			children = (
				49E5F65820C9E24800FAC9D9 /* APIKeys.swift */,
			);
			path = Networking;
			sourceTree = "<group>";
		};
		49E5F65120C9DE7400FAC9D9 /* Controllers */ = {
			isa = PBXGroup;
			children = (
				496965C920C9ECA300CE70E6 /* HeroesViewController.swift */,
				496965DB20D1CD6400CE70E6 /* HeroDetailsViewController.swift */,
			);
			path = Controllers;
			sourceTree = "<group>";
		};
		49E5F65220C9DE8100FAC9D9 /* Views */ = {
			isa = PBXGroup;
			children = (
				496965D820D1C0B100CE70E6 /* Search */,
				496965D720D1C0AA00CE70E6 /* Detail */,
				496965D620D1C09D00CE70E6 /* Home */,
				496965CB20C9ED9700CE70E6 /* Cells */,
			);
			path = Views;
			sourceTree = "<group>";
		};
		49E5F65520C9E16300FAC9D9 /* Utils */ = {
			isa = PBXGroup;
			children = (
				49E5F65620C9E1A500FAC9D9 /* AppConfig.swift */,
			);
			path = Utils;
			sourceTree = "<group>";
		};
/* End PBXGroup section */

/* Begin PBXNativeTarget section */
		4927282820C88D0B0042270F /* MarvelHeroes */ = {
			isa = PBXNativeTarget;
			buildConfigurationList = 4927285420C88D0C0042270F /* Build configuration list for PBXNativeTarget "MarvelHeroes" */;
			buildPhases = (
				4927282520C88D0B0042270F /* Sources */,
				4927282620C88D0B0042270F /* Frameworks */,
				4927282720C88D0B0042270F /* Resources */,
			);
			buildRules = (
			);
			dependencies = (
			);
			name = MarvelHeroes;
			productName = MarvelHeroes;
			productReference = 4927282920C88D0B0042270F /* MarvelHeroes.app */;
			productType = "com.apple.product-type.application";
		};
		4927283F20C88D0C0042270F /* MarvelHeroesTests */ = {
			isa = PBXNativeTarget;
			buildConfigurationList = 4927285720C88D0C0042270F /* Build configuration list for PBXNativeTarget "MarvelHeroesTests" */;
			buildPhases = (
				4927283C20C88D0C0042270F /* Sources */,
				4927283D20C88D0C0042270F /* Frameworks */,
				4927283E20C88D0C0042270F /* Resources */,
			);
			buildRules = (
			);
			dependencies = (
				4927284220C88D0C0042270F /* PBXTargetDependency */,
			);
			name = MarvelHeroesTests;
			productName = MarvelHeroesTests;
			productReference = 4927284020C88D0C0042270F /* MarvelHeroesTests.xctest */;
			productType = "com.apple.product-type.bundle.unit-test";
		};
		4927284A20C88D0C0042270F /* MarvelHeroesUITests */ = {
			isa = PBXNativeTarget;
			buildConfigurationList = 4927285A20C88D0C0042270F /* Build configuration list for PBXNativeTarget "MarvelHeroesUITests" */;
			buildPhases = (
				4927284720C88D0C0042270F /* Sources */,
				4927284820C88D0C0042270F /* Frameworks */,
				4927284920C88D0C0042270F /* Resources */,
			);
			buildRules = (
			);
			dependencies = (
				4927284D20C88D0C0042270F /* PBXTargetDependency */,
			);
			name = MarvelHeroesUITests;
			productName = MarvelHeroesUITests;
			productReference = 4927284B20C88D0C0042270F /* MarvelHeroesUITests.xctest */;
			productType = "com.apple.product-type.bundle.ui-testing";
		};
/* End PBXNativeTarget section */

/* Begin PBXProject section */
		4927282120C88D0B0042270F /* Project object */ = {
			isa = PBXProject;
			attributes = {
				LastSwiftUpdateCheck = 0920;
				LastUpgradeCheck = 0940;
				ORGANIZATIONNAME = "Sergio Gomes";
				TargetAttributes = {
					4927282820C88D0B0042270F = {
						CreatedOnToolsVersion = 9.2;
						ProvisioningStyle = Automatic;
					};
					4927283F20C88D0C0042270F = {
						CreatedOnToolsVersion = 9.2;
						ProvisioningStyle = Automatic;
						TestTargetID = 4927282820C88D0B0042270F;
					};
					4927284A20C88D0C0042270F = {
						CreatedOnToolsVersion = 9.2;
						ProvisioningStyle = Automatic;
						TestTargetID = 4927282820C88D0B0042270F;
					};
				};
			};
			buildConfigurationList = 4927282420C88D0B0042270F /* Build configuration list for PBXProject "MarvelHeroes" */;
			compatibilityVersion = "Xcode 8.0";
			developmentRegion = en;
			hasScannedForEncodings = 0;
			knownRegions = (
				en,
				Base,
			);
			mainGroup = 4927282020C88D0B0042270F;
			productRefGroup = 4927282A20C88D0B0042270F /* Products */;
			projectDirPath = "";
			projectRoot = "";
			targets = (
				4927282820C88D0B0042270F /* MarvelHeroes */,
				4927283F20C88D0C0042270F /* MarvelHeroesTests */,
				4927284A20C88D0C0042270F /* MarvelHeroesUITests */,
			);
		};
/* End PBXProject section */

/* Begin PBXResourcesBuildPhase section */
		4927282720C88D0B0042270F /* Resources */ = {
			isa = PBXResourcesBuildPhase;
			buildActionMask = 2147483647;
			files = (
				4927283A20C88D0B0042270F /* LaunchScreen.storyboard in Resources */,
				49E5F65420C9DEF100FAC9D9 /* apiKeys.plist in Resources */,
				4927283720C88D0B0042270F /* Assets.xcassets in Resources */,
				496965DA20D1C0DC00CE70E6 /* HeroDetail.storyboard in Resources */,
				496965D320C9F37F00CE70E6 /* HeroCollectionViewCell.xib in Resources */,
				496965D520CF45F500CE70E6 /* Search.storyboard in Resources */,
				4927283220C88D0B0042270F /* Main.storyboard in Resources */,
			);
			runOnlyForDeploymentPostprocessing = 0;
		};
		4927283E20C88D0C0042270F /* Resources */ = {
			isa = PBXResourcesBuildPhase;
			buildActionMask = 2147483647;
			files = (
			);
			runOnlyForDeploymentPostprocessing = 0;
		};
		4927284920C88D0C0042270F /* Resources */ = {
			isa = PBXResourcesBuildPhase;
			buildActionMask = 2147483647;
			files = (
			);
			runOnlyForDeploymentPostprocessing = 0;
		};
/* End PBXResourcesBuildPhase section */

/* Begin PBXSourcesBuildPhase section */
		4927282520C88D0B0042270F /* Sources */ = {
			isa = PBXSourcesBuildPhase;
			buildActionMask = 2147483647;
			files = (
				49E5F65720C9E1A500FAC9D9 /* AppConfig.swift in Sources */,
				4927282D20C88D0B0042270F /* AppDelegate.swift in Sources */,
				496965DC20D1CD6400CE70E6 /* HeroDetailsViewController.swift in Sources */,
				496965E020D1D29D00CE70E6 /* HeroDetailCollectionViewCell.swift in Sources */,
				49E5F65920C9E24800FAC9D9 /* APIKeys.swift in Sources */,
				496965DE20D1D1C800CE70E6 /* HeroDetailTableViewCell.swift in Sources */,
				4927283520C88D0B0042270F /* MarvelHeroes.xcdatamodeld in Sources */,
				496965D220C9F37F00CE70E6 /* HeroCollectionViewCell.swift in Sources */,
				496965CA20C9ECA300CE70E6 /* HeroesViewController.swift in Sources */,
			);
			runOnlyForDeploymentPostprocessing = 0;
		};
		4927283C20C88D0C0042270F /* Sources */ = {
			isa = PBXSourcesBuildPhase;
			buildActionMask = 2147483647;
			files = (
				4927284520C88D0C0042270F /* MarvelHeroesTests.swift in Sources */,
			);
			runOnlyForDeploymentPostprocessing = 0;
		};
		4927284720C88D0C0042270F /* Sources */ = {
			isa = PBXSourcesBuildPhase;
			buildActionMask = 2147483647;
			files = (
				4927285020C88D0C0042270F /* MarvelHeroesUITests.swift in Sources */,
			);
			runOnlyForDeploymentPostprocessing = 0;
		};
/* End PBXSourcesBuildPhase section */

/* Begin PBXTargetDependency section */
		4927284220C88D0C0042270F /* PBXTargetDependency */ = {
			isa = PBXTargetDependency;
			target = 4927282820C88D0B0042270F /* MarvelHeroes */;
			targetProxy = 4927284120C88D0C0042270F /* PBXContainerItemProxy */;
		};
		4927284D20C88D0C0042270F /* PBXTargetDependency */ = {
			isa = PBXTargetDependency;
			target = 4927282820C88D0B0042270F /* MarvelHeroes */;
			targetProxy = 4927284C20C88D0C0042270F /* PBXContainerItemProxy */;
		};
/* End PBXTargetDependency section */

/* Begin PBXVariantGroup section */
		4927283020C88D0B0042270F /* Main.storyboard */ = {
			isa = PBXVariantGroup;
			children = (
				4927283120C88D0B0042270F /* Base */,
			);
			name = Main.storyboard;
			sourceTree = "<group>";
		};
		4927283820C88D0B0042270F /* LaunchScreen.storyboard */ = {
			isa = PBXVariantGroup;
			children = (
				4927283920C88D0B0042270F /* Base */,
			);
			name = LaunchScreen.storyboard;
			sourceTree = "<group>";
		};
/* End PBXVariantGroup section */

/* Begin XCBuildConfiguration section */
		4927285220C88D0C0042270F /* Debug */ = {
			isa = XCBuildConfiguration;
			buildSettings = {
				ALWAYS_SEARCH_USER_PATHS = NO;
				CLANG_ANALYZER_NONNULL = YES;
				CLANG_ANALYZER_NUMBER_OBJECT_CONVERSION = YES_AGGRESSIVE;
				CLANG_CXX_LANGUAGE_STANDARD = "gnu++14";
				CLANG_CXX_LIBRARY = "libc++";
				CLANG_ENABLE_MODULES = YES;
				CLANG_ENABLE_OBJC_ARC = YES;
				CLANG_WARN_BLOCK_CAPTURE_AUTORELEASING = YES;
				CLANG_WARN_BOOL_CONVERSION = YES;
				CLANG_WARN_COMMA = YES;
				CLANG_WARN_CONSTANT_CONVERSION = YES;
				CLANG_WARN_DEPRECATED_OBJC_IMPLEMENTATIONS = YES;
				CLANG_WARN_DIRECT_OBJC_ISA_USAGE = YES_ERROR;
				CLANG_WARN_DOCUMENTATION_COMMENTS = YES;
				CLANG_WARN_EMPTY_BODY = YES;
				CLANG_WARN_ENUM_CONVERSION = YES;
				CLANG_WARN_INFINITE_RECURSION = YES;
				CLANG_WARN_INT_CONVERSION = YES;
				CLANG_WARN_NON_LITERAL_NULL_CONVERSION = YES;
				CLANG_WARN_OBJC_IMPLICIT_RETAIN_SELF = YES;
				CLANG_WARN_OBJC_LITERAL_CONVERSION = YES;
				CLANG_WARN_OBJC_ROOT_CLASS = YES_ERROR;
				CLANG_WARN_RANGE_LOOP_ANALYSIS = YES;
				CLANG_WARN_STRICT_PROTOTYPES = YES;
				CLANG_WARN_SUSPICIOUS_MOVE = YES;
				CLANG_WARN_UNGUARDED_AVAILABILITY = YES_AGGRESSIVE;
				CLANG_WARN_UNREACHABLE_CODE = YES;
				CLANG_WARN__DUPLICATE_METHOD_MATCH = YES;
				CODE_SIGN_IDENTITY = "iPhone Developer";
				COPY_PHASE_STRIP = NO;
				DEBUG_INFORMATION_FORMAT = dwarf;
				ENABLE_STRICT_OBJC_MSGSEND = YES;
				ENABLE_TESTABILITY = YES;
				GCC_C_LANGUAGE_STANDARD = gnu11;
				GCC_DYNAMIC_NO_PIC = NO;
				GCC_NO_COMMON_BLOCKS = YES;
				GCC_OPTIMIZATION_LEVEL = 0;
				GCC_PREPROCESSOR_DEFINITIONS = (
					"DEBUG=1",
					"$(inherited)",
				);
				GCC_WARN_64_TO_32_BIT_CONVERSION = YES;
				GCC_WARN_ABOUT_RETURN_TYPE = YES_ERROR;
				GCC_WARN_UNDECLARED_SELECTOR = YES;
				GCC_WARN_UNINITIALIZED_AUTOS = YES_AGGRESSIVE;
				GCC_WARN_UNUSED_FUNCTION = YES;
				GCC_WARN_UNUSED_VARIABLE = YES;
				IPHONEOS_DEPLOYMENT_TARGET = 11.2;
				MTL_ENABLE_DEBUG_INFO = YES;
				ONLY_ACTIVE_ARCH = YES;
				SDKROOT = iphoneos;
				SWIFT_ACTIVE_COMPILATION_CONDITIONS = DEBUG;
				SWIFT_OPTIMIZATION_LEVEL = "-Onone";
			};
			name = Debug;
		};
		4927285320C88D0C0042270F /* Release */ = {
			isa = XCBuildConfiguration;
			buildSettings = {
				ALWAYS_SEARCH_USER_PATHS = NO;
				CLANG_ANALYZER_NONNULL = YES;
				CLANG_ANALYZER_NUMBER_OBJECT_CONVERSION = YES_AGGRESSIVE;
				CLANG_CXX_LANGUAGE_STANDARD = "gnu++14";
				CLANG_CXX_LIBRARY = "libc++";
				CLANG_ENABLE_MODULES = YES;
				CLANG_ENABLE_OBJC_ARC = YES;
				CLANG_WARN_BLOCK_CAPTURE_AUTORELEASING = YES;
				CLANG_WARN_BOOL_CONVERSION = YES;
				CLANG_WARN_COMMA = YES;
				CLANG_WARN_CONSTANT_CONVERSION = YES;
				CLANG_WARN_DEPRECATED_OBJC_IMPLEMENTATIONS = YES;
				CLANG_WARN_DIRECT_OBJC_ISA_USAGE = YES_ERROR;
				CLANG_WARN_DOCUMENTATION_COMMENTS = YES;
				CLANG_WARN_EMPTY_BODY = YES;
				CLANG_WARN_ENUM_CONVERSION = YES;
				CLANG_WARN_INFINITE_RECURSION = YES;
				CLANG_WARN_INT_CONVERSION = YES;
				CLANG_WARN_NON_LITERAL_NULL_CONVERSION = YES;
				CLANG_WARN_OBJC_IMPLICIT_RETAIN_SELF = YES;
				CLANG_WARN_OBJC_LITERAL_CONVERSION = YES;
				CLANG_WARN_OBJC_ROOT_CLASS = YES_ERROR;
				CLANG_WARN_RANGE_LOOP_ANALYSIS = YES;
				CLANG_WARN_STRICT_PROTOTYPES = YES;
				CLANG_WARN_SUSPICIOUS_MOVE = YES;
				CLANG_WARN_UNGUARDED_AVAILABILITY = YES_AGGRESSIVE;
				CLANG_WARN_UNREACHABLE_CODE = YES;
				CLANG_WARN__DUPLICATE_METHOD_MATCH = YES;
				CODE_SIGN_IDENTITY = "iPhone Developer";
				COPY_PHASE_STRIP = NO;
				DEBUG_INFORMATION_FORMAT = "dwarf-with-dsym";
				ENABLE_NS_ASSERTIONS = NO;
				ENABLE_STRICT_OBJC_MSGSEND = YES;
				GCC_C_LANGUAGE_STANDARD = gnu11;
				GCC_NO_COMMON_BLOCKS = YES;
				GCC_WARN_64_TO_32_BIT_CONVERSION = YES;
				GCC_WARN_ABOUT_RETURN_TYPE = YES_ERROR;
				GCC_WARN_UNDECLARED_SELECTOR = YES;
				GCC_WARN_UNINITIALIZED_AUTOS = YES_AGGRESSIVE;
				GCC_WARN_UNUSED_FUNCTION = YES;
				GCC_WARN_UNUSED_VARIABLE = YES;
				IPHONEOS_DEPLOYMENT_TARGET = 11.2;
				MTL_ENABLE_DEBUG_INFO = NO;
				SDKROOT = iphoneos;
				SWIFT_OPTIMIZATION_LEVEL = "-Owholemodule";
				VALIDATE_PRODUCT = YES;
			};
			name = Release;
		};
		4927285520C88D0C0042270F /* Debug */ = {
			isa = XCBuildConfiguration;
			buildSettings = {
				ASSETCATALOG_COMPILER_APPICON_NAME = AppIcon;
				CODE_SIGN_STYLE = Automatic;
				DEVELOPMENT_TEAM = GHS788KZ6G;
				INFOPLIST_FILE = MarvelHeroes/Info.plist;
				LD_RUNPATH_SEARCH_PATHS = "$(inherited) @executable_path/Frameworks";
				PRODUCT_BUNDLE_IDENTIFIER = com.sergiogomes.MarvelHeroes;
				PRODUCT_NAME = "$(TARGET_NAME)";
				SWIFT_VERSION = 4.0;
				TARGETED_DEVICE_FAMILY = "1,2";
			};
			name = Debug;
		};
		4927285620C88D0C0042270F /* Release */ = {
			isa = XCBuildConfiguration;
			buildSettings = {
				ASSETCATALOG_COMPILER_APPICON_NAME = AppIcon;
				CODE_SIGN_STYLE = Automatic;
				DEVELOPMENT_TEAM = GHS788KZ6G;
				INFOPLIST_FILE = MarvelHeroes/Info.plist;
				LD_RUNPATH_SEARCH_PATHS = "$(inherited) @executable_path/Frameworks";
				PRODUCT_BUNDLE_IDENTIFIER = com.sergiogomes.MarvelHeroes;
				PRODUCT_NAME = "$(TARGET_NAME)";
				SWIFT_VERSION = 4.0;
				TARGETED_DEVICE_FAMILY = "1,2";
			};
			name = Release;
		};
		4927285820C88D0C0042270F /* Debug */ = {
			isa = XCBuildConfiguration;
			buildSettings = {
				ALWAYS_EMBED_SWIFT_STANDARD_LIBRARIES = YES;
				BUNDLE_LOADER = "$(TEST_HOST)";
				CODE_SIGN_STYLE = Automatic;
				DEVELOPMENT_TEAM = GHS788KZ6G;
				INFOPLIST_FILE = MarvelHeroesTests/Info.plist;
				LD_RUNPATH_SEARCH_PATHS = "$(inherited) @executable_path/Frameworks @loader_path/Frameworks";
				PRODUCT_BUNDLE_IDENTIFIER = com.sergiogomes.MarvelHeroesTests;
				PRODUCT_NAME = "$(TARGET_NAME)";
				SWIFT_VERSION = 4.0;
				TARGETED_DEVICE_FAMILY = "1,2";
				TEST_HOST = "$(BUILT_PRODUCTS_DIR)/MarvelHeroes.app/MarvelHeroes";
			};
			name = Debug;
		};
		4927285920C88D0C0042270F /* Release */ = {
			isa = XCBuildConfiguration;
			buildSettings = {
				ALWAYS_EMBED_SWIFT_STANDARD_LIBRARIES = YES;
				BUNDLE_LOADER = "$(TEST_HOST)";
				CODE_SIGN_STYLE = Automatic;
				DEVELOPMENT_TEAM = GHS788KZ6G;
				INFOPLIST_FILE = MarvelHeroesTests/Info.plist;
				LD_RUNPATH_SEARCH_PATHS = "$(inherited) @executable_path/Frameworks @loader_path/Frameworks";
				PRODUCT_BUNDLE_IDENTIFIER = com.sergiogomes.MarvelHeroesTests;
				PRODUCT_NAME = "$(TARGET_NAME)";
				SWIFT_VERSION = 4.0;
				TARGETED_DEVICE_FAMILY = "1,2";
				TEST_HOST = "$(BUILT_PRODUCTS_DIR)/MarvelHeroes.app/MarvelHeroes";
			};
			name = Release;
		};
		4927285B20C88D0C0042270F /* Debug */ = {
			isa = XCBuildConfiguration;
			buildSettings = {
				ALWAYS_EMBED_SWIFT_STANDARD_LIBRARIES = YES;
				CODE_SIGN_STYLE = Automatic;
				DEVELOPMENT_TEAM = GHS788KZ6G;
				INFOPLIST_FILE = MarvelHeroesUITests/Info.plist;
				LD_RUNPATH_SEARCH_PATHS = "$(inherited) @executable_path/Frameworks @loader_path/Frameworks";
				PRODUCT_BUNDLE_IDENTIFIER = com.sergiogomes.MarvelHeroesUITests;
				PRODUCT_NAME = "$(TARGET_NAME)";
				SWIFT_VERSION = 4.0;
				TARGETED_DEVICE_FAMILY = "1,2";
				TEST_TARGET_NAME = MarvelHeroes;
			};
			name = Debug;
		};
		4927285C20C88D0C0042270F /* Release */ = {
			isa = XCBuildConfiguration;
			buildSettings = {
				ALWAYS_EMBED_SWIFT_STANDARD_LIBRARIES = YES;
				CODE_SIGN_STYLE = Automatic;
				DEVELOPMENT_TEAM = GHS788KZ6G;
				INFOPLIST_FILE = MarvelHeroesUITests/Info.plist;
				LD_RUNPATH_SEARCH_PATHS = "$(inherited) @executable_path/Frameworks @loader_path/Frameworks";
				PRODUCT_BUNDLE_IDENTIFIER = com.sergiogomes.MarvelHeroesUITests;
				PRODUCT_NAME = "$(TARGET_NAME)";
				SWIFT_VERSION = 4.0;
				TARGETED_DEVICE_FAMILY = "1,2";
				TEST_TARGET_NAME = MarvelHeroes;
			};
			name = Release;
		};
/* End XCBuildConfiguration section */

/* Begin XCConfigurationList section */
		4927282420C88D0B0042270F /* Build configuration list for PBXProject "MarvelHeroes" */ = {
			isa = XCConfigurationList;
			buildConfigurations = (
				4927285220C88D0C0042270F /* Debug */,
				4927285320C88D0C0042270F /* Release */,
			);
			defaultConfigurationIsVisible = 0;
			defaultConfigurationName = Release;
		};
		4927285420C88D0C0042270F /* Build configuration list for PBXNativeTarget "MarvelHeroes" */ = {
			isa = XCConfigurationList;
			buildConfigurations = (
				4927285520C88D0C0042270F /* Debug */,
				4927285620C88D0C0042270F /* Release */,
			);
			defaultConfigurationIsVisible = 0;
			defaultConfigurationName = Release;
		};
		4927285720C88D0C0042270F /* Build configuration list for PBXNativeTarget "MarvelHeroesTests" */ = {
			isa = XCConfigurationList;
			buildConfigurations = (
				4927285820C88D0C0042270F /* Debug */,
				4927285920C88D0C0042270F /* Release */,
			);
			defaultConfigurationIsVisible = 0;
			defaultConfigurationName = Release;
		};
		4927285A20C88D0C0042270F /* Build configuration list for PBXNativeTarget "MarvelHeroesUITests" */ = {
			isa = XCConfigurationList;
			buildConfigurations = (
				4927285B20C88D0C0042270F /* Debug */,
				4927285C20C88D0C0042270F /* Release */,
			);
			defaultConfigurationIsVisible = 0;
			defaultConfigurationName = Release;
		};
/* End XCConfigurationList section */

/* Begin XCVersionGroup section */
		4927283320C88D0B0042270F /* MarvelHeroes.xcdatamodeld */ = {
			isa = XCVersionGroup;
			children = (
				4927283420C88D0B0042270F /* MarvelHeroes.xcdatamodel */,
			);
			currentVersion = 4927283420C88D0B0042270F /* MarvelHeroes.xcdatamodel */;
			path = MarvelHeroes.xcdatamodeld;
			sourceTree = "<group>";
			versionGroupType = wrapper.xcdatamodel;
		};
/* End XCVersionGroup section */
	};
	rootObject = 4927282120C88D0B0042270F /* Project object */;
}
